PODS:
  - ScreenSizeAdaptor (0.1.0)

DEPENDENCIES:
  - ScreenSizeAdaptor (from `../`)

EXTERNAL SOURCES:
  ScreenSizeAdaptor:
    :path: "../"

SPEC CHECKSUMS:
  ScreenSizeAdaptor: 9ecdcb68f4fac9782cefcb26d768b40f4c661497

PODFILE CHECKSUM: 5515514ca485efd1f9d58a607da15a8b95b68cea

COCOAPODS: 1.16.2
